{
  "_readme": [
    "This file locks the dependencies of your project to a known state",
    "Read more about it at https://getcomposer.org/doc/01-basic-usage.md#installing-dependencies",
    "This file is @generated automatically"
  ],
  "content-hash": "0a02d0663db6a930a9b5f43ca51858f0",
  "packages": [
    {
      "name": "jenner/simple_fork",
      "version": "1.2.2",
      "source": {
        "type": "git",
        "url": "https://github.com/huyanping/simple-fork-php.git",
        "reference": "4af8f61b283a612492ca9ab790472309ce681156"
      },
      "dist": {
        "type": "zip",
        "url": "https://api.github.com/repos/huyanping/simple-fork-php/zipball/4af8f61b283a612492ca9ab790472309ce681156",
        "reference": "4af8f61b283a612492ca9ab790472309ce681156",
        "shasum": ""
      },
      "require": {
        "php": ">=5.3.0"
      },
      "type": "package",
      "autoload": {
        "psr-4": {
          "Jenner\\SimpleFork\\": "./src"
        }
      },
      "notification-url": "https://packagist.org/downloads/",
      "license": [
        "MIT"
      ],
      "authors": [
        {
          "name": "Jenner",
          "email": "hypxm@qq.com",
          "homepage": "http://www.huyanping.cn"
        }
      ],
      "description": "simple multi process manager based on pcntl",
      "keywords": [
        "fork",
        "fork manager",
        "process ipc",
        "process manager"
      ],
      "time": "2017-03-22T03:46:18+00:00"
    }
  ],
  "packages-dev": [],
  "aliases": [],
  "minimum-stability": "stable",
  "stability-flags": [],
  "prefer-stable": false,
  "prefer-lowest": false,
  "platform": {
    "ext-pcntl": "*",
    "ext-json": "*",
    "ext-posix": "*"
  },
  "platform-dev": []
}
